# This file is generated by running "yarn install" inside your project.
# Manual changes might be lost - proceed with caution!

__metadata:
  version: 6

"one@portal:../one::locator=three%40workspace%3A.":
  version: 0.0.0-use.local
  resolution: "one@portal:../one::locator=three%40workspace%3A."
  languageName: node
  linkType: soft

"one@portal:../one::locator=two%40portal%3A..%2Ftwo%3A%3Alocator%3Dthree%2540workspace%253A.":
  version: 0.0.0-use.local
  resolution: "one@portal:../one::locator=two%40portal%3A..%2Ftwo%3A%3Alocator%3Dthree%2540workspace%253A."
  languageName: node
  linkType: soft

"three@workspace:.":
  version: 0.0.0-use.local
  resolution: "three@workspace:."
  dependencies:
    one: "portal:../one"
    two: "portal:../two"
  languageName: unknown
  linkType: soft

"two@portal:../two::locator=three%40workspace%3A.":
  version: 0.0.0-use.local
  resolution: "two@portal:../two::locator=three%40workspace%3A."
  dependencies:
    one: "portal:../one"
  languageName: node
  linkType: soft
